
Microsoft Visual Studio Solution File, Format Version 12.00
# Visual Studio Version 17
VisualStudioVersion = 17.5.33516.290
MinimumVisualStudioVersion = 10.0.40219.1
Project("{FAE04EC0-301F-11D3-BF4B-00C04F79EFBC}") = "CurrencyWPF", "CurrencyWPF.csproj", "{04CBCD8E-E0F1-4949-B758-F603C733745A}"
EndProject
Global
	GlobalSection(SolutionConfigurationPlatforms) = preSolution
		Debug|Any CPU = Debug|Any CPU
		Release|Any CPU = Release|Any CPU
	EndGlobalSection
	GlobalSection(ProjectConfigurationPlatforms) = postSolution
		{04CBCD8E-E0F1-4949-B758-F603C733745A}.Debug|Any CPU.ActiveCfg = Debug|Any CPU
		{04CBCD8E-E0F1-4949-B758-F603C733745A}.Debug|Any CPU.Build.0 = Debug|Any CPU
		{04CBCD8E-E0F1-4949-B758-F603C733745A}.Release|Any CPU.ActiveCfg = Release|Any CPU
		{04CBCD8E-E0F1-4949-B758-F603C733745A}.Release|Any CPU.Build.0 = Release|Any CPU
	EndGlobalSection
	GlobalSection(SolutionProperties) = preSolution
		HideSolutionNode = FALSE
	EndGlobalSection
	GlobalSection(ExtensibilityGlobals) = postSolution
		SolutionGuid = {D0423D15-E979-4BB8-98CA-41640B8D275A}
	EndGlobalSection
EndGlobal
